
Microsoft Visual Studio Solution File, Format Version 12.00
# Visual Studio 15
VisualStudioVersion = 15.0.28307.329
MinimumVisualStudioVersion = 10.0.40219.1
Project("{FAE04EC0-301F-11D3-BF4B-00C04F79EFBC}") = "NET.S.2019.Tkachenko.11_Timer", "NET.S.2019.Tkachenko.11_Timer\NET.S.2019.Tkachenko.11_Timer.csproj", "{2903F0A2-6A61-48DA-81CA-DCB76533EF1D}"
EndProject
Global
	GlobalSection(SolutionConfigurationPlatforms) = preSolution
		Debug|Any CPU = Debug|Any CPU
		Release|Any CPU = Release|Any CPU
	EndGlobalSection
	GlobalSection(ProjectConfigurationPlatforms) = postSolution
		{2903F0A2-6A61-48DA-81CA-DCB76533EF1D}.Debug|Any CPU.ActiveCfg = Debug|Any CPU
		{2903F0A2-6A61-48DA-81CA-DCB76533EF1D}.Debug|Any CPU.Build.0 = Debug|Any CPU
		{2903F0A2-6A61-48DA-81CA-DCB76533EF1D}.Release|Any CPU.ActiveCfg = Release|Any CPU
		{2903F0A2-6A61-48DA-81CA-DCB76533EF1D}.Release|Any CPU.Build.0 = Release|Any CPU
	EndGlobalSection
	GlobalSection(SolutionProperties) = preSolution
		HideSolutionNode = FALSE
	EndGlobalSection
	GlobalSection(ExtensibilityGlobals) = postSolution
		SolutionGuid = {D101B661-09E1-489E-97F1-10565640C855}
	EndGlobalSection
EndGlobal
