
Microsoft Visual Studio Solution File, Format Version 12.00
# Visual Studio 15
VisualStudioVersion = 15.0.28307.329
MinimumVisualStudioVersion = 10.0.40219.1
Project("{FAE04EC0-301F-11D3-BF4B-00C04F79EFBC}") = "SigningAssembly", "SigningAssembly\SigningAssembly.csproj", "{D07C8FE9-CBBC-4F5F-B7EF-244328BE168C}"
EndProject
Global
	GlobalSection(SolutionConfigurationPlatforms) = preSolution
		Debug|Any CPU = Debug|Any CPU
		Release|Any CPU = Release|Any CPU
	EndGlobalSection
	GlobalSection(ProjectConfigurationPlatforms) = postSolution
		{D07C8FE9-CBBC-4F5F-B7EF-244328BE168C}.Debug|Any CPU.ActiveCfg = Debug|Any CPU
		{D07C8FE9-CBBC-4F5F-B7EF-244328BE168C}.Debug|Any CPU.Build.0 = Debug|Any CPU
		{D07C8FE9-CBBC-4F5F-B7EF-244328BE168C}.Release|Any CPU.ActiveCfg = Release|Any CPU
		{D07C8FE9-CBBC-4F5F-B7EF-244328BE168C}.Release|Any CPU.Build.0 = Release|Any CPU
	EndGlobalSection
	GlobalSection(SolutionProperties) = preSolution
		HideSolutionNode = FALSE
	EndGlobalSection
	GlobalSection(ExtensibilityGlobals) = postSolution
		SolutionGuid = {8C47ABE2-C890-4D32-99D3-147749DA9946}
	EndGlobalSection
EndGlobal
